
Microsoft Visual Studio Solution File, Format Version 12.00
# Visual Studio Version 17
VisualStudioVersion = 17.14.36212.18 d17.14
MinimumVisualStudioVersion = 10.0.40219.1
Project("{FAE04EC0-301F-11D3-BF4B-00C04F79EFBC}") = "Server", "Server\Server.csproj", "{466BF738-AB5B-4A84-88BD-5154D9A5D289}"
EndProject
Global
	GlobalSection(SolutionConfigurationPlatforms) = preSolution
		Debug|Any CPU = Debug|Any CPU
		Release|Any CPU = Release|Any CPU
	EndGlobalSection
	GlobalSection(ProjectConfigurationPlatforms) = postSolution
		{466BF738-AB5B-4A84-88BD-5154D9A5D289}.Debug|Any CPU.ActiveCfg = Debug|Any CPU
		{466BF738-AB5B-4A84-88BD-5154D9A5D289}.Debug|Any CPU.Build.0 = Debug|Any CPU
		{466BF738-AB5B-4A84-88BD-5154D9A5D289}.Release|Any CPU.ActiveCfg = Release|Any CPU
		{466BF738-AB5B-4A84-88BD-5154D9A5D289}.Release|Any CPU.Build.0 = Release|Any CPU
	EndGlobalSection
	GlobalSection(SolutionProperties) = preSolution
		HideSolutionNode = FALSE
	EndGlobalSection
	GlobalSection(ExtensibilityGlobals) = postSolution
		SolutionGuid = {3AF93E22-226C-499F-B04C-84A6EAA041E2}
	EndGlobalSection
EndGlobal
